
Microsoft Visual Studio Solution File, Format Version 12.00
# Visual Studio 15
VisualStudioVersion = 15.0.28010.2036
MinimumVisualStudioVersion = 10.0.40219.1
Project("{159641D6-6404-4A2A-AE62-294DE0FE8301}") = "Toggl_Import", "Toggl_Import\Toggl_Import.dtproj", "{516FAB6C-0E45-47AD-A1B3-A242A412FE35}"
EndProject
Global
	GlobalSection(SolutionConfigurationPlatforms) = preSolution
		Development|Default = Development|Default
	EndGlobalSection
	GlobalSection(ProjectConfigurationPlatforms) = postSolution
		{516FAB6C-0E45-47AD-A1B3-A242A412FE35}.Development|Default.ActiveCfg = Development
		{516FAB6C-0E45-47AD-A1B3-A242A412FE35}.Development|Default.Build.0 = Development
	EndGlobalSection
	GlobalSection(SolutionProperties) = preSolution
		HideSolutionNode = FALSE
	EndGlobalSection
	GlobalSection(ExtensibilityGlobals) = postSolution
		SolutionGuid = {001A5306-6E0B-4B3C-A59F-9F61BD48C6A5}
	EndGlobalSection
EndGlobal
